
Microsoft Visual Studio Solution File, Format Version 12.00
# Visual Studio Version 17
VisualStudioVersion = 17.1.32210.238
MinimumVisualStudioVersion = 10.0.40219.1
Project("{FAE04EC0-301F-11D3-BF4B-00C04F79EFBC}") = "PrivateMethods", "PrivateMethods\PrivateMethods.csproj", "{9564C25F-C008-44FC-B44A-A552228D6D28}"
EndProject
Project("{FAE04EC0-301F-11D3-BF4B-00C04F79EFBC}") = "CustomReflection", "..\CustomReflection\CustomReflection.csproj", "{BC2B14F3-C05B-4AC1-B5FB-8932D64636DC}"
EndProject
Project("{FAE04EC0-301F-11D3-BF4B-00C04F79EFBC}") = "PrivateMethods.UnitTests", "..\PrivateMethods.UnitTests\PrivateMethods.UnitTests.csproj", "{91103929-1D52-48E1-8C77-11085B76FE73}"
EndProject
Global
	GlobalSection(SolutionConfigurationPlatforms) = preSolution
		Debug|Any CPU = Debug|Any CPU
		Release|Any CPU = Release|Any CPU
	EndGlobalSection
	GlobalSection(ProjectConfigurationPlatforms) = postSolution
		{9564C25F-C008-44FC-B44A-A552228D6D28}.Debug|Any CPU.ActiveCfg = Debug|Any CPU
		{9564C25F-C008-44FC-B44A-A552228D6D28}.Debug|Any CPU.Build.0 = Debug|Any CPU
		{9564C25F-C008-44FC-B44A-A552228D6D28}.Release|Any CPU.ActiveCfg = Release|Any CPU
		{9564C25F-C008-44FC-B44A-A552228D6D28}.Release|Any CPU.Build.0 = Release|Any CPU
		{BC2B14F3-C05B-4AC1-B5FB-8932D64636DC}.Debug|Any CPU.ActiveCfg = Debug|Any CPU
		{BC2B14F3-C05B-4AC1-B5FB-8932D64636DC}.Debug|Any CPU.Build.0 = Debug|Any CPU
		{BC2B14F3-C05B-4AC1-B5FB-8932D64636DC}.Release|Any CPU.ActiveCfg = Release|Any CPU
		{BC2B14F3-C05B-4AC1-B5FB-8932D64636DC}.Release|Any CPU.Build.0 = Release|Any CPU
		{91103929-1D52-48E1-8C77-11085B76FE73}.Debug|Any CPU.ActiveCfg = Debug|Any CPU
		{91103929-1D52-48E1-8C77-11085B76FE73}.Debug|Any CPU.Build.0 = Debug|Any CPU
		{91103929-1D52-48E1-8C77-11085B76FE73}.Release|Any CPU.ActiveCfg = Release|Any CPU
		{91103929-1D52-48E1-8C77-11085B76FE73}.Release|Any CPU.Build.0 = Release|Any CPU
	EndGlobalSection
	GlobalSection(SolutionProperties) = preSolution
		HideSolutionNode = FALSE
	EndGlobalSection
	GlobalSection(ExtensibilityGlobals) = postSolution
		SolutionGuid = {10128ED2-DE35-4FCB-B67E-BE0120CBE374}
	EndGlobalSection
EndGlobal
