
Microsoft Visual Studio Solution File, Format Version 12.00
# Visual Studio Version 17
VisualStudioVersion = 17.0.32112.339
MinimumVisualStudioVersion = 10.0.40219.1
Project("{FAE04EC0-301F-11D3-BF4B-00C04F79EFBC}") = "WebServer", "WebServer\WebServer.csproj", "{37405765-7824-4431-BA60-AA5C29578194}"
EndProject
Global
	GlobalSection(SolutionConfigurationPlatforms) = preSolution
		Debug|Any CPU = Debug|Any CPU
		Release|Any CPU = Release|Any CPU
	EndGlobalSection
	GlobalSection(ProjectConfigurationPlatforms) = postSolution
		{37405765-7824-4431-BA60-AA5C29578194}.Debug|Any CPU.ActiveCfg = Debug|Any CPU
		{37405765-7824-4431-BA60-AA5C29578194}.Debug|Any CPU.Build.0 = Debug|Any CPU
		{37405765-7824-4431-BA60-AA5C29578194}.Release|Any CPU.ActiveCfg = Release|Any CPU
		{37405765-7824-4431-BA60-AA5C29578194}.Release|Any CPU.Build.0 = Release|Any CPU
	EndGlobalSection
	GlobalSection(SolutionProperties) = preSolution
		HideSolutionNode = FALSE
	EndGlobalSection
	GlobalSection(ExtensibilityGlobals) = postSolution
		SolutionGuid = {B30AB424-0F22-404E-B2C7-958A3BA5D3F3}
	EndGlobalSection
EndGlobal
